
Microsoft Visual Studio Solution File, Format Version 12.00
# Visual Studio Version 16
VisualStudioVersion = 16.0.30523.141
MinimumVisualStudioVersion = 10.0.40219.1
Project("{FAE04EC0-301F-11D3-BF4B-00C04F79EFBC}") = "EFCoreDBFirstTest", "EFCoreDBFirstTest\EFCoreDBFirstTest.csproj", "{6FEAB67D-AF3E-436C-9359-6569DDDD52FC}"
EndProject
Global
	GlobalSection(SolutionConfigurationPlatforms) = preSolution
		Debug|Any CPU = Debug|Any CPU
		Release|Any CPU = Release|Any CPU
	EndGlobalSection
	GlobalSection(ProjectConfigurationPlatforms) = postSolution
		{6FEAB67D-AF3E-436C-9359-6569DDDD52FC}.Debug|Any CPU.ActiveCfg = Debug|Any CPU
		{6FEAB67D-AF3E-436C-9359-6569DDDD52FC}.Debug|Any CPU.Build.0 = Debug|Any CPU
		{6FEAB67D-AF3E-436C-9359-6569DDDD52FC}.Release|Any CPU.ActiveCfg = Release|Any CPU
		{6FEAB67D-AF3E-436C-9359-6569DDDD52FC}.Release|Any CPU.Build.0 = Release|Any CPU
	EndGlobalSection
	GlobalSection(SolutionProperties) = preSolution
		HideSolutionNode = FALSE
	EndGlobalSection
	GlobalSection(ExtensibilityGlobals) = postSolution
		SolutionGuid = {79BB213C-52D0-4E59-94C1-D9E11AA1BB68}
	EndGlobalSection
EndGlobal
